{
  "name": "daniel3131",
  "lockfileVersion": 3,
  "requires": true,
  "packages": {
    "": {
      "dependencies": {
        "lucide": "^0.331.0"
      }
    },
    "node_modules/lucide": {
      "version": "0.331.0",
      "resolved": "https://registry.npmjs.org/lucide/-/lucide-0.331.0.tgz",
      "integrity": "sha512-VOduAxjBt83TQer5tQQTHn/ms/RolEQpeGw4qCRcAJsSIGW1JRnZwFGvqSpNu1Jk0VLUkIff9X4m82o7GErHmA=="
    }
  }
}
